
Microsoft Visual Studio Solution File, Format Version 12.00
# Visual Studio Version 16
VisualStudioVersion = 16.0.32901.82
MinimumVisualStudioVersion = 10.0.40219.1
Project("{FAE04EC0-301F-11D3-BF4B-00C04F79EFBC}") = "CommForm", "CommForm\CommForm.csproj", "{56228BCD-3A77-4861-A6D2-B84C2A0B277D}"
EndProject
Global
	GlobalSection(SolutionConfigurationPlatforms) = preSolution
		Debug|Any CPU = Debug|Any CPU
		Release|Any CPU = Release|Any CPU
	EndGlobalSection
	GlobalSection(ProjectConfigurationPlatforms) = postSolution
		{56228BCD-3A77-4861-A6D2-B84C2A0B277D}.Debug|Any CPU.ActiveCfg = Debug|Any CPU
		{56228BCD-3A77-4861-A6D2-B84C2A0B277D}.Debug|Any CPU.Build.0 = Debug|Any CPU
		{56228BCD-3A77-4861-A6D2-B84C2A0B277D}.Release|Any CPU.ActiveCfg = Release|Any CPU
		{56228BCD-3A77-4861-A6D2-B84C2A0B277D}.Release|Any CPU.Build.0 = Release|Any CPU
	EndGlobalSection
	GlobalSection(SolutionProperties) = preSolution
		HideSolutionNode = FALSE
	EndGlobalSection
	GlobalSection(ExtensibilityGlobals) = postSolution
		SolutionGuid = {14451740-DDE6-4330-AFE0-9C807EB56F85}
	EndGlobalSection
EndGlobal
